
Microsoft Visual Studio Solution File, Format Version 12.00
# Visual Studio 15
VisualStudioVersion = 15.0.26430.14
MinimumVisualStudioVersion = 10.0.40219.1
Project("{2150E333-8FDC-42A3-9474-1A3956D46DE8}") = "src", "src", "{21B20AB8-1C28-499E-B664-789AD0AD5602}"
EndProject
Project("{FAE04EC0-301F-11D3-BF4B-00C04F79EFBC}") = "DbExporter", "src\DbExporter\DbExporter.csproj", "{5A48EE27-3865-40B7-A527-3E5DEF2B0332}"
EndProject
Global
	GlobalSection(SolutionConfigurationPlatforms) = preSolution
		Debug|Any CPU = Debug|Any CPU
		Release|Any CPU = Release|Any CPU
	EndGlobalSection
	GlobalSection(ProjectConfigurationPlatforms) = postSolution
		{5A48EE27-3865-40B7-A527-3E5DEF2B0332}.Debug|Any CPU.ActiveCfg = Debug|Any CPU
		{5A48EE27-3865-40B7-A527-3E5DEF2B0332}.Debug|Any CPU.Build.0 = Debug|Any CPU
		{5A48EE27-3865-40B7-A527-3E5DEF2B0332}.Release|Any CPU.ActiveCfg = Release|Any CPU
		{5A48EE27-3865-40B7-A527-3E5DEF2B0332}.Release|Any CPU.Build.0 = Release|Any CPU
	EndGlobalSection
	GlobalSection(SolutionProperties) = preSolution
		HideSolutionNode = FALSE
	EndGlobalSection
	GlobalSection(NestedProjects) = preSolution
		{5A48EE27-3865-40B7-A527-3E5DEF2B0332} = {21B20AB8-1C28-499E-B664-789AD0AD5602}
	EndGlobalSection
EndGlobal
